
Microsoft Visual Studio Solution File, Format Version 12.00
# Visual Studio Version 16
VisualStudioVersion = 16.0.31005.135
MinimumVisualStudioVersion = 10.0.40219.1
Project("{FAE04EC0-301F-11D3-BF4B-00C04F79EFBC}") = "HelloWorld", "HelloWorld.csproj", "{09C99D77-1DEE-48D1-8B45-82F0BC74717D}"
EndProject
Global
	GlobalSection(SolutionConfigurationPlatforms) = preSolution
		Debug|Any CPU = Debug|Any CPU
		Release|Any CPU = Release|Any CPU
	EndGlobalSection
	GlobalSection(ProjectConfigurationPlatforms) = postSolution
		{09C99D77-1DEE-48D1-8B45-82F0BC74717D}.Debug|Any CPU.ActiveCfg = Debug|Any CPU
		{09C99D77-1DEE-48D1-8B45-82F0BC74717D}.Debug|Any CPU.Build.0 = Debug|Any CPU
		{09C99D77-1DEE-48D1-8B45-82F0BC74717D}.Release|Any CPU.ActiveCfg = Release|Any CPU
		{09C99D77-1DEE-48D1-8B45-82F0BC74717D}.Release|Any CPU.Build.0 = Release|Any CPU
	EndGlobalSection
	GlobalSection(SolutionProperties) = preSolution
		HideSolutionNode = FALSE
	EndGlobalSection
	GlobalSection(ExtensibilityGlobals) = postSolution
		SolutionGuid = {C8CF4741-D560-4F06-B0E3-485F7C98DD8A}
	EndGlobalSection
EndGlobal
